// !$*UTF8*$!
{
	archiveVersion = 1;
	classes = {
	};
	objectVersion = 55;
	objects = {

/* Begin PBXBuildFile section */
		02039C4B284ED5AA0070C558 /* AppDelegate.swift in Sources */ = {isa = PBXBuildFile; fileRef = 02039C4A284ED5AA0070C558 /* AppDelegate.swift */; };
		02039C4D284ED5AA0070C558 /* SceneDelegate.swift in Sources */ = {isa = PBXBuildFile; fileRef = 02039C4C284ED5AA0070C558 /* SceneDelegate.swift */; };
		02039C4F284ED5AA0070C558 /* ViewController.swift in Sources */ = {isa = PBXBuildFile; fileRef = 02039C4E284ED5AA0070C558 /* ViewController.swift */; };
		02039C52284ED5AA0070C558 /* Main.storyboard in Resources */ = {isa = PBXBuildFile; fileRef = 02039C50284ED5AA0070C558 /* Main.storyboard */; };
		02039C54284ED5AD0070C558 /* Assets.xcassets in Resources */ = {isa = PBXBuildFile; fileRef = 02039C53284ED5AD0070C558 /* Assets.xcassets */; };
		02039C57284ED5AD0070C558 /* LaunchScreen.storyboard in Resources */ = {isa = PBXBuildFile; fileRef = 02039C55284ED5AD0070C558 /* LaunchScreen.storyboard */; };
		02039C62284ED5AD0070C558 /* imagestoryboardTests.swift in Sources */ = {isa = PBXBuildFile; fileRef = 02039C61284ED5AD0070C558 /* imagestoryboardTests.swift */; };
		02039C6C284ED5AD0070C558 /* imagestoryboardUITests.swift in Sources */ = {isa = PBXBuildFile; fileRef = 02039C6B284ED5AD0070C558 /* imagestoryboardUITests.swift */; };
		02039C6E284ED5AD0070C558 /* imagestoryboardUITestsLaunchTests.swift in Sources */ = {isa = PBXBuildFile; fileRef = 02039C6D284ED5AD0070C558 /* imagestoryboardUITestsLaunchTests.swift */; };
/* End PBXBuildFile section */

/* Begin PBXContainerItemProxy section */
		02039C5E284ED5AD0070C558 /* PBXContainerItemProxy */ = {
			isa = PBXContainerItemProxy;
			containerPortal = 02039C3F284ED5AA0070C558 /* Project object */;
			proxyType = 1;
			remoteGlobalIDString = 02039C46284ED5AA0070C558;
			remoteInfo = imagestoryboard;
		};
		02039C68284ED5AD0070C558 /* PBXContainerItemProxy */ = {
			isa = PBXContainerItemProxy;
			containerPortal = 02039C3F284ED5AA0070C558 /* Project object */;
			proxyType = 1;
			remoteGlobalIDString = 02039C46284ED5AA0070C558;
			remoteInfo = imagestoryboard;
		};
/* End PBXContainerItemProxy section */

/* Begin PBXFileReference section */
		02039C47284ED5AA0070C558 /* imagestoryboard.app */ = {isa = PBXFileReference; explicitFileType = wrapper.application; includeInIndex = 0; path = imagestoryboard.app; sourceTree = BUILT_PRODUCTS_DIR; };
		02039C4A284ED5AA0070C558 /* AppDelegate.swift */ = {isa = PBXFileReference; lastKnownFileType = sourcecode.swift; path = AppDelegate.swift; sourceTree = "<group>"; };
		02039C4C284ED5AA0070C558 /* SceneDelegate.swift */ = {isa = PBXFileReference; lastKnownFileType = sourcecode.swift; path = SceneDelegate.swift; sourceTree = "<group>"; };
		02039C4E284ED5AA0070C558 /* ViewController.swift */ = {isa = PBXFileReference; lastKnownFileType = sourcecode.swift; path = ViewController.swift; sourceTree = "<group>"; };
		02039C51284ED5AA0070C558 /* Base */ = {isa = PBXFileReference; lastKnownFileType = file.storyboard; name = Base; path = Base.lproj/Main.storyboard; sourceTree = "<group>"; };
		02039C53284ED5AD0070C558 /* Assets.xcassets */ = {isa = PBXFileReference; lastKnownFileType = folder.assetcatalog; path = Assets.xcassets; sourceTree = "<group>"; };
		02039C56284ED5AD0070C558 /* Base */ = {isa = PBXFileReference; lastKnownFileType = file.storyboard; name = Base; path = Base.lproj/LaunchScreen.storyboard; sourceTree = "<group>"; };
		02039C58284ED5AD0070C558 /* Info.plist */ = {isa = PBXFileReference; lastKnownFileType = text.plist.xml; path = Info.plist; sourceTree = "<group>"; };
		02039C5D284ED5AD0070C558 /* imagestoryboardTests.xctest */ = {isa = PBXFileReference; explicitFileType = wrapper.cfbundle; includeInIndex = 0; path = imagestoryboardTests.xctest; sourceTree = BUILT_PRODUCTS_DIR; };
		02039C61284ED5AD0070C558 /* imagestoryboardTests.swift */ = {isa = PBXFileReference; lastKnownFileType = sourcecode.swift; path = imagestoryboardTests.swift; sourceTree = "<group>"; };
		02039C67284ED5AD0070C558 /* imagestoryboardUITests.xctest */ = {isa = PBXFileReference; explicitFileType = wrapper.cfbundle; includeInIndex = 0; path = imagestoryboardUITests.xctest; sourceTree = BUILT_PRODUCTS_DIR; };
		02039C6B284ED5AD0070C558 /* imagestoryboardUITests.swift */ = {isa = PBXFileReference; lastKnownFileType = sourcecode.swift; path = imagestoryboardUITests.swift; sourceTree = "<group>"; };
		02039C6D284ED5AD0070C558 /* imagestoryboardUITestsLaunchTests.swift */ = {isa = PBXFileReference; lastKnownFileType = sourcecode.swift; path = imagestoryboardUITestsLaunchTests.swift; sourceTree = "<group>"; };
/* End PBXFileReference section */

/* Begin PBXFrameworksBuildPhase section */
		02039C44284ED5AA0070C558 /* Frameworks */ = {
			isa = PBXFrameworksBuildPhase;
			buildActionMask = 2147483647;
			files = (
			);
			runOnlyForDeploymentPostprocessing = 0;
		};
		02039C5A284ED5AD0070C558 /* Frameworks */ = {
			isa = PBXFrameworksBuildPhase;
			buildActionMask = 2147483647;
			files = (
			);
			runOnlyForDeploymentPostprocessing = 0;
		};
		02039C64284ED5AD0070C558 /* Frameworks */ = {
			isa = PBXFrameworksBuildPhase;
			buildActionMask = 2147483647;
			files = (
			);
			runOnlyForDeploymentPostprocessing = 0;
		};
/* End PBXFrameworksBuildPhase section */

/* Begin PBXGroup section */
		02039C3E284ED5AA0070C558 = {
			isa = PBXGroup;
			children = (
				02039C49284ED5AA0070C558 /* imagestoryboard */,
				02039C60284ED5AD0070C558 /* imagestoryboardTests */,
				02039C6A284ED5AD0070C558 /* imagestoryboardUITests */,
				02039C48284ED5AA0070C558 /* Products */,
			);
			sourceTree = "<group>";
		};
		02039C48284ED5AA0070C558 /* Products */ = {
			isa = PBXGroup;
			children = (
				02039C47284ED5AA0070C558 /* imagestoryboard.app */,
				02039C5D284ED5AD0070C558 /* imagestoryboardTests.xctest */,
				02039C67284ED5AD0070C558 /* imagestoryboardUITests.xctest */,
			);
			name = Products;
			sourceTree = "<group>";
		};
		02039C49284ED5AA0070C558 /* imagestoryboard */ = {
			isa = PBXGroup;
			children = (
				02039C4A284ED5AA0070C558 /* AppDelegate.swift */,
				02039C4C284ED5AA0070C558 /* SceneDelegate.swift */,
				02039C4E284ED5AA0070C558 /* ViewController.swift */,
				02039C50284ED5AA0070C558 /* Main.storyboard */,
				02039C53284ED5AD0070C558 /* Assets.xcassets */,
				02039C55284ED5AD0070C558 /* LaunchScreen.storyboard */,
				02039C58284ED5AD0070C558 /* Info.plist */,
			);
			path = imagestoryboard;
			sourceTree = "<group>";
		};
		02039C60284ED5AD0070C558 /* imagestoryboardTests */ = {
			isa = PBXGroup;
			children = (
				02039C61284ED5AD0070C558 /* imagestoryboardTests.swift */,
			);
			path = imagestoryboardTests;
			sourceTree = "<group>";
		};
		02039C6A284ED5AD0070C558 /* imagestoryboardUITests */ = {
			isa = PBXGroup;
			children = (
				02039C6B284ED5AD0070C558 /* imagestoryboardUITests.swift */,
				02039C6D284ED5AD0070C558 /* imagestoryboardUITestsLaunchTests.swift */,
			);
			path = imagestoryboardUITests;
			sourceTree = "<group>";
		};
/* End PBXGroup section */

/* Begin PBXNativeTarget section */
		02039C46284ED5AA0070C558 /* imagestoryboard */ = {
			isa = PBXNativeTarget;
			buildConfigurationList = 02039C71284ED5AD0070C558 /* Build configuration list for PBXNativeTarget "imagestoryboard" */;
			buildPhases = (
				02039C43284ED5AA0070C558 /* Sources */,
				02039C44284ED5AA0070C558 /* Frameworks */,
				02039C45284ED5AA0070C558 /* Resources */,
			);
			buildRules = (
			);
			dependencies = (
			);
			name = imagestoryboard;
			productName = imagestoryboard;
			productReference = 02039C47284ED5AA0070C558 /* imagestoryboard.app */;
			productType = "com.apple.product-type.application";
		};
		02039C5C284ED5AD0070C558 /* imagestoryboardTests */ = {
			isa = PBXNativeTarget;
			buildConfigurationList = 02039C74284ED5AD0070C558 /* Build configuration list for PBXNativeTarget "imagestoryboardTests" */;
			buildPhases = (
				02039C59284ED5AD0070C558 /* Sources */,
				02039C5A284ED5AD0070C558 /* Frameworks */,
				02039C5B284ED5AD0070C558 /* Resources */,
			);
			buildRules = (
			);
			dependencies = (
				02039C5F284ED5AD0070C558 /* PBXTargetDependency */,
			);
			name = imagestoryboardTests;
			productName = imagestoryboardTests;
			productReference = 02039C5D284ED5AD0070C558 /* imagestoryboardTests.xctest */;
			productType = "com.apple.product-type.bundle.unit-test";
		};
		02039C66284ED5AD0070C558 /* imagestoryboardUITests */ = {
			isa = PBXNativeTarget;
			buildConfigurationList = 02039C77284ED5AD0070C558 /* Build configuration list for PBXNativeTarget "imagestoryboardUITests" */;
			buildPhases = (
				02039C63284ED5AD0070C558 /* Sources */,
				02039C64284ED5AD0070C558 /* Frameworks */,
				02039C65284ED5AD0070C558 /* Resources */,
			);
			buildRules = (
			);
			dependencies = (
				02039C69284ED5AD0070C558 /* PBXTargetDependency */,
			);
			name = imagestoryboardUITests;
			productName = imagestoryboardUITests;
			productReference = 02039C67284ED5AD0070C558 /* imagestoryboardUITests.xctest */;
			productType = "com.apple.product-type.bundle.ui-testing";
		};
/* End PBXNativeTarget section */

/* Begin PBXProject section */
		02039C3F284ED5AA0070C558 /* Project object */ = {
			isa = PBXProject;
			attributes = {
				BuildIndependentTargetsInParallel = 1;
				LastSwiftUpdateCheck = 1340;
				LastUpgradeCheck = 1340;
				TargetAttributes = {
					02039C46284ED5AA0070C558 = {
						CreatedOnToolsVersion = 13.4.1;
					};
					02039C5C284ED5AD0070C558 = {
						CreatedOnToolsVersion = 13.4.1;
						TestTargetID = 02039C46284ED5AA0070C558;
					};
					02039C66284ED5AD0070C558 = {
						CreatedOnToolsVersion = 13.4.1;
						TestTargetID = 02039C46284ED5AA0070C558;
					};
				};
			};
			buildConfigurationList = 02039C42284ED5AA0070C558 /* Build configuration list for PBXProject "imagestoryboard" */;
			compatibilityVersion = "Xcode 13.0";
			developmentRegion = en;
			hasScannedForEncodings = 0;
			knownRegions = (
				en,
				Base,
			);
			mainGroup = 02039C3E284ED5AA0070C558;
			productRefGroup = 02039C48284ED5AA0070C558 /* Products */;
			projectDirPath = "";
			projectRoot = "";
			targets = (
				02039C46284ED5AA0070C558 /* imagestoryboard */,
				02039C5C284ED5AD0070C558 /* imagestoryboardTests */,
				02039C66284ED5AD0070C558 /* imagestoryboardUITests */,
			);
		};
/* End PBXProject section */

/* Begin PBXResourcesBuildPhase section */
		02039C45284ED5AA0070C558 /* Resources */ = {
			isa = PBXResourcesBuildPhase;
			buildActionMask = 2147483647;
			files = (
				02039C57284ED5AD0070C558 /* LaunchScreen.storyboard in Resources */,
				02039C54284ED5AD0070C558 /* Assets.xcassets in Resources */,
				02039C52284ED5AA0070C558 /* Main.storyboard in Resources */,
			);
			runOnlyForDeploymentPostprocessing = 0;
		};
		02039C5B284ED5AD0070C558 /* Resources */ = {
			isa = PBXResourcesBuildPhase;
			buildActionMask = 2147483647;
			files = (
			);
			runOnlyForDeploymentPostprocessing = 0;
		};
		02039C65284ED5AD0070C558 /* Resources */ = {
			isa = PBXResourcesBuildPhase;
			buildActionMask = 2147483647;
			files = (
			);
			runOnlyForDeploymentPostprocessing = 0;
		};
/* End PBXResourcesBuildPhase section */

/* Begin PBXSourcesBuildPhase section */
		02039C43284ED5AA0070C558 /* Sources */ = {
			isa = PBXSourcesBuildPhase;
			buildActionMask = 2147483647;
			files = (
				02039C4F284ED5AA0070C558 /* ViewController.swift in Sources */,
				02039C4B284ED5AA0070C558 /* AppDelegate.swift in Sources */,
				02039C4D284ED5AA0070C558 /* SceneDelegate.swift in Sources */,
			);
			runOnlyForDeploymentPostprocessing = 0;
		};
		02039C59284ED5AD0070C558 /* Sources */ = {
			isa = PBXSourcesBuildPhase;
			buildActionMask = 2147483647;
			files = (
				02039C62284ED5AD0070C558 /* imagestoryboardTests.swift in Sources */,
			);
			runOnlyForDeploymentPostprocessing = 0;
		};
		02039C63284ED5AD0070C558 /* Sources */ = {
			isa = PBXSourcesBuildPhase;
			buildActionMask = 2147483647;
			files = (
				02039C6C284ED5AD0070C558 /* imagestoryboardUITests.swift in Sources */,
				02039C6E284ED5AD0070C558 /* imagestoryboardUITestsLaunchTests.swift in Sources */,
			);
			runOnlyForDeploymentPostprocessing = 0;
		};
/* End PBXSourcesBuildPhase section */

/* Begin PBXTargetDependency section */
		02039C5F284ED5AD0070C558 /* PBXTargetDependency */ = {
			isa = PBXTargetDependency;
			target = 02039C46284ED5AA0070C558 /* imagestoryboard */;
			targetProxy = 02039C5E284ED5AD0070C558 /* PBXContainerItemProxy */;
		};
		02039C69284ED5AD0070C558 /* PBXTargetDependency */ = {
			isa = PBXTargetDependency;
			target = 02039C46284ED5AA0070C558 /* imagestoryboard */;
			targetProxy = 02039C68284ED5AD0070C558 /* PBXContainerItemProxy */;
		};
/* End PBXTargetDependency section */

/* Begin PBXVariantGroup section */
		02039C50284ED5AA0070C558 /* Main.storyboard */ = {
			isa = PBXVariantGroup;
			children = (
				02039C51284ED5AA0070C558 /* Base */,
			);
			name = Main.storyboard;
			sourceTree = "<group>";
		};
		02039C55284ED5AD0070C558 /* LaunchScreen.storyboard */ = {
			isa = PBXVariantGroup;
			children = (
				02039C56284ED5AD0070C558 /* Base */,
			);
			name = LaunchScreen.storyboard;
			sourceTree = "<group>";
		};
/* End PBXVariantGroup section */

/* Begin XCBuildConfiguration section */
		02039C6F284ED5AD0070C558 /* Debug */ = {
			isa = XCBuildConfiguration;
			buildSettings = {
				ALWAYS_SEARCH_USER_PATHS = NO;
				CLANG_ANALYZER_NONNULL = YES;
				CLANG_ANALYZER_NUMBER_OBJECT_CONVERSION = YES_AGGRESSIVE;
				CLANG_CXX_LANGUAGE_STANDARD = "gnu++17";
				CLANG_ENABLE_MODULES = YES;
				CLANG_ENABLE_OBJC_ARC = YES;
				CLANG_ENABLE_OBJC_WEAK = YES;
				CLANG_WARN_BLOCK_CAPTURE_AUTORELEASING = YES;
				CLANG_WARN_BOOL_CONVERSION = YES;
				CLANG_WARN_COMMA = YES;
				CLANG_WARN_CONSTANT_CONVERSION = YES;
				CLANG_WARN_DEPRECATED_OBJC_IMPLEMENTATIONS = YES;
				CLANG_WARN_DIRECT_OBJC_ISA_USAGE = YES_ERROR;
				CLANG_WARN_DOCUMENTATION_COMMENTS = YES;
				CLANG_WARN_EMPTY_BODY = YES;
				CLANG_WARN_ENUM_CONVERSION = YES;
				CLANG_WARN_INFINITE_RECURSION = YES;
				CLANG_WARN_INT_CONVERSION = YES;
				CLANG_WARN_NON_LITERAL_NULL_CONVERSION = YES;
				CLANG_WARN_OBJC_IMPLICIT_RETAIN_SELF = YES;
				CLANG_WARN_OBJC_LITERAL_CONVERSION = YES;
				CLANG_WARN_OBJC_ROOT_CLASS = YES_ERROR;
				CLANG_WARN_QUOTED_INCLUDE_IN_FRAMEWORK_HEADER = YES;
				CLANG_WARN_RANGE_LOOP_ANALYSIS = YES;
				CLANG_WARN_STRICT_PROTOTYPES = YES;
				CLANG_WARN_SUSPICIOUS_MOVE = YES;
				CLANG_WARN_UNGUARDED_AVAILABILITY = YES_AGGRESSIVE;
				CLANG_WARN_UNREACHABLE_CODE = YES;
				CLANG_WARN__DUPLICATE_METHOD_MATCH = YES;
				COPY_PHASE_STRIP = NO;
				DEBUG_INFORMATION_FORMAT = dwarf;
				ENABLE_STRICT_OBJC_MSGSEND = YES;
				ENABLE_TESTABILITY = YES;
				GCC_C_LANGUAGE_STANDARD = gnu11;
				GCC_DYNAMIC_NO_PIC = NO;
				GCC_NO_COMMON_BLOCKS = YES;
				GCC_OPTIMIZATION_LEVEL = 0;
				GCC_PREPROCESSOR_DEFINITIONS = (
					"DEBUG=1",
					"$(inherited)",
				);
				GCC_WARN_64_TO_32_BIT_CONVERSION = YES;
				GCC_WARN_ABOUT_RETURN_TYPE = YES_ERROR;
				GCC_WARN_UNDECLARED_SELECTOR = YES;
				GCC_WARN_UNINITIALIZED_AUTOS = YES_AGGRESSIVE;
				GCC_WARN_UNUSED_FUNCTION = YES;
				GCC_WARN_UNUSED_VARIABLE = YES;
				IPHONEOS_DEPLOYMENT_TARGET = 15.5;
				MTL_ENABLE_DEBUG_INFO = INCLUDE_SOURCE;
				MTL_FAST_MATH = YES;
				ONLY_ACTIVE_ARCH = YES;
				SDKROOT = iphoneos;
				SWIFT_ACTIVE_COMPILATION_CONDITIONS = DEBUG;
				SWIFT_OPTIMIZATION_LEVEL = "-Onone";
			};
			name = Debug;
		};
		02039C70284ED5AD0070C558 /* Release */ = {
			isa = XCBuildConfiguration;
			buildSettings = {
				ALWAYS_SEARCH_USER_PATHS = NO;
				CLANG_ANALYZER_NONNULL = YES;
				CLANG_ANALYZER_NUMBER_OBJECT_CONVERSION = YES_AGGRESSIVE;
				CLANG_CXX_LANGUAGE_STANDARD = "gnu++17";
				CLANG_ENABLE_MODULES = YES;
				CLANG_ENABLE_OBJC_ARC = YES;
				CLANG_ENABLE_OBJC_WEAK = YES;
				CLANG_WARN_BLOCK_CAPTURE_AUTORELEASING = YES;
				CLANG_WARN_BOOL_CONVERSION = YES;
				CLANG_WARN_COMMA = YES;
				CLANG_WARN_CONSTANT_CONVERSION = YES;
				CLANG_WARN_DEPRECATED_OBJC_IMPLEMENTATIONS = YES;
				CLANG_WARN_DIRECT_OBJC_ISA_USAGE = YES_ERROR;
				CLANG_WARN_DOCUMENTATION_COMMENTS = YES;
				CLANG_WARN_EMPTY_BODY = YES;
				CLANG_WARN_ENUM_CONVERSION = YES;
				CLANG_WARN_INFINITE_RECURSION = YES;
				CLANG_WARN_INT_CONVERSION = YES;
				CLANG_WARN_NON_LITERAL_NULL_CONVERSION = YES;
				CLANG_WARN_OBJC_IMPLICIT_RETAIN_SELF = YES;
				CLANG_WARN_OBJC_LITERAL_CONVERSION = YES;
				CLANG_WARN_OBJC_ROOT_CLASS = YES_ERROR;
				CLANG_WARN_QUOTED_INCLUDE_IN_FRAMEWORK_HEADER = YES;
				CLANG_WARN_RANGE_LOOP_ANALYSIS = YES;
				CLANG_WARN_STRICT_PROTOTYPES = YES;
				CLANG_WARN_SUSPICIOUS_MOVE = YES;
				CLANG_WARN_UNGUARDED_AVAILABILITY = YES_AGGRESSIVE;
				CLANG_WARN_UNREACHABLE_CODE = YES;
				CLANG_WARN__DUPLICATE_METHOD_MATCH = YES;
				COPY_PHASE_STRIP = NO;
				DEBUG_INFORMATION_FORMAT = "dwarf-with-dsym";
				ENABLE_NS_ASSERTIONS = NO;
				ENABLE_STRICT_OBJC_MSGSEND = YES;
				GCC_C_LANGUAGE_STANDARD = gnu11;
				GCC_NO_COMMON_BLOCKS = YES;
				GCC_WARN_64_TO_32_BIT_CONVERSION = YES;
				GCC_WARN_ABOUT_RETURN_TYPE = YES_ERROR;
				GCC_WARN_UNDECLARED_SELECTOR = YES;
				GCC_WARN_UNINITIALIZED_AUTOS = YES_AGGRESSIVE;
				GCC_WARN_UNUSED_FUNCTION = YES;
				GCC_WARN_UNUSED_VARIABLE = YES;
				IPHONEOS_DEPLOYMENT_TARGET = 15.5;
				MTL_ENABLE_DEBUG_INFO = NO;
				MTL_FAST_MATH = YES;
				SDKROOT = iphoneos;
				SWIFT_COMPILATION_MODE = wholemodule;
				SWIFT_OPTIMIZATION_LEVEL = "-O";
				VALIDATE_PRODUCT = YES;
			};
			name = Release;
		};
		02039C72284ED5AD0070C558 /* Debug */ = {
			isa = XCBuildConfiguration;
			buildSettings = {
				ASSETCATALOG_COMPILER_APPICON_NAME = AppIcon;
				ASSETCATALOG_COMPILER_GLOBAL_ACCENT_COLOR_NAME = AccentColor;
				CODE_SIGN_STYLE = Automatic;
				CURRENT_PROJECT_VERSION = 1;
				DEVELOPMENT_TEAM = 56U76B4S84;
				GENERATE_INFOPLIST_FILE = YES;
				INFOPLIST_FILE = imagestoryboard/Info.plist;
				INFOPLIST_KEY_UIApplicationSupportsIndirectInputEvents = YES;
				INFOPLIST_KEY_UILaunchStoryboardName = LaunchScreen;
				INFOPLIST_KEY_UIMainStoryboardFile = Main;
				INFOPLIST_KEY_UISupportedInterfaceOrientations_iPad = "UIInterfaceOrientationPortrait UIInterfaceOrientationPortraitUpsideDown UIInterfaceOrientationLandscapeLeft UIInterfaceOrientationLandscapeRight";
				INFOPLIST_KEY_UISupportedInterfaceOrientations_iPhone = "UIInterfaceOrientationPortrait UIInterfaceOrientationLandscapeLeft UIInterfaceOrientationLandscapeRight";
				LD_RUNPATH_SEARCH_PATHS = (
					"$(inherited)",
					"@executable_path/Frameworks",
				);
				MARKETING_VERSION = 1.0;
				PRODUCT_BUNDLE_IDENTIFIER = "Melanie-Sakelaris.imagestoryboard";
				PRODUCT_NAME = "$(TARGET_NAME)";
				SWIFT_EMIT_LOC_STRINGS = YES;
				SWIFT_VERSION = 5.0;
				TARGETED_DEVICE_FAMILY = "1,2";
			};
			name = Debug;
		};
		02039C73284ED5AD0070C558 /* Release */ = {
			isa = XCBuildConfiguration;
			buildSettings = {
				ASSETCATALOG_COMPILER_APPICON_NAME = AppIcon;
				ASSETCATALOG_COMPILER_GLOBAL_ACCENT_COLOR_NAME = AccentColor;
				CODE_SIGN_STYLE = Automatic;
				CURRENT_PROJECT_VERSION = 1;
				DEVELOPMENT_TEAM = 56U76B4S84;
				GENERATE_INFOPLIST_FILE = YES;
				INFOPLIST_FILE = imagestoryboard/Info.plist;
				INFOPLIST_KEY_UIApplicationSupportsIndirectInputEvents = YES;
				INFOPLIST_KEY_UILaunchStoryboardName = LaunchScreen;
				INFOPLIST_KEY_UIMainStoryboardFile = Main;
				INFOPLIST_KEY_UISupportedInterfaceOrientations_iPad = "UIInterfaceOrientationPortrait UIInterfaceOrientationPortraitUpsideDown UIInterfaceOrientationLandscapeLeft UIInterfaceOrientationLandscapeRight";
				INFOPLIST_KEY_UISupportedInterfaceOrientations_iPhone = "UIInterfaceOrientationPortrait UIInterfaceOrientationLandscapeLeft UIInterfaceOrientationLandscapeRight";
				LD_RUNPATH_SEARCH_PATHS = (
					"$(inherited)",
					"@executable_path/Frameworks",
				);
				MARKETING_VERSION = 1.0;
				PRODUCT_BUNDLE_IDENTIFIER = "Melanie-Sakelaris.imagestoryboard";
				PRODUCT_NAME = "$(TARGET_NAME)";
				SWIFT_EMIT_LOC_STRINGS = YES;
				SWIFT_VERSION = 5.0;
				TARGETED_DEVICE_FAMILY = "1,2";
			};
			name = Release;
		};
		02039C75284ED5AD0070C558 /* Debug */ = {
			isa = XCBuildConfiguration;
			buildSettings = {
				ALWAYS_EMBED_SWIFT_STANDARD_LIBRARIES = YES;
				BUNDLE_LOADER = "$(TEST_HOST)";
				CODE_SIGN_STYLE = Automatic;
				CURRENT_PROJECT_VERSION = 1;
				DEVELOPMENT_TEAM = 56U76B4S84;
				GENERATE_INFOPLIST_FILE = YES;
				IPHONEOS_DEPLOYMENT_TARGET = 15.5;
				MARKETING_VERSION = 1.0;
				PRODUCT_BUNDLE_IDENTIFIER = "Melanie-Sakelaris.imagestoryboardTests";
				PRODUCT_NAME = "$(TARGET_NAME)";
				SWIFT_EMIT_LOC_STRINGS = NO;
				SWIFT_VERSION = 5.0;
				TARGETED_DEVICE_FAMILY = "1,2";
				TEST_HOST = "$(BUILT_PRODUCTS_DIR)/imagestoryboard.app/imagestoryboard";
			};
			name = Debug;
		};
		02039C76284ED5AD0070C558 /* Release */ = {
			isa = XCBuildConfiguration;
			buildSettings = {
				ALWAYS_EMBED_SWIFT_STANDARD_LIBRARIES = YES;
				BUNDLE_LOADER = "$(TEST_HOST)";
				CODE_SIGN_STYLE = Automatic;
				CURRENT_PROJECT_VERSION = 1;
				DEVELOPMENT_TEAM = 56U76B4S84;
				GENERATE_INFOPLIST_FILE = YES;
				IPHONEOS_DEPLOYMENT_TARGET = 15.5;
				MARKETING_VERSION = 1.0;
				PRODUCT_BUNDLE_IDENTIFIER = "Melanie-Sakelaris.imagestoryboardTests";
				PRODUCT_NAME = "$(TARGET_NAME)";
				SWIFT_EMIT_LOC_STRINGS = NO;
				SWIFT_VERSION = 5.0;
				TARGETED_DEVICE_FAMILY = "1,2";
				TEST_HOST = "$(BUILT_PRODUCTS_DIR)/imagestoryboard.app/imagestoryboard";
			};
			name = Release;
		};
		02039C78284ED5AD0070C558 /* Debug */ = {
			isa = XCBuildConfiguration;
			buildSettings = {
				ALWAYS_EMBED_SWIFT_STANDARD_LIBRARIES = YES;
				CODE_SIGN_STYLE = Automatic;
				CURRENT_PROJECT_VERSION = 1;
				DEVELOPMENT_TEAM = 56U76B4S84;
				GENERATE_INFOPLIST_FILE = YES;
				MARKETING_VERSION = 1.0;
				PRODUCT_BUNDLE_IDENTIFIER = "Melanie-Sakelaris.imagestoryboardUITests";
				PRODUCT_NAME = "$(TARGET_NAME)";
				SWIFT_EMIT_LOC_STRINGS = NO;
				SWIFT_VERSION = 5.0;
				TARGETED_DEVICE_FAMILY = "1,2";
				TEST_TARGET_NAME = imagestoryboard;
			};
			name = Debug;
		};
		02039C79284ED5AD0070C558 /* Release */ = {
			isa = XCBuildConfiguration;
			buildSettings = {
				ALWAYS_EMBED_SWIFT_STANDARD_LIBRARIES = YES;
				CODE_SIGN_STYLE = Automatic;
				CURRENT_PROJECT_VERSION = 1;
				DEVELOPMENT_TEAM = 56U76B4S84;
				GENERATE_INFOPLIST_FILE = YES;
				MARKETING_VERSION = 1.0;
				PRODUCT_BUNDLE_IDENTIFIER = "Melanie-Sakelaris.imagestoryboardUITests";
				PRODUCT_NAME = "$(TARGET_NAME)";
				SWIFT_EMIT_LOC_STRINGS = NO;
				SWIFT_VERSION = 5.0;
				TARGETED_DEVICE_FAMILY = "1,2";
				TEST_TARGET_NAME = imagestoryboard;
			};
			name = Release;
		};
/* End XCBuildConfiguration section */

/* Begin XCConfigurationList section */
		02039C42284ED5AA0070C558 /* Build configuration list for PBXProject "imagestoryboard" */ = {
			isa = XCConfigurationList;
			buildConfigurations = (
				02039C6F284ED5AD0070C558 /* Debug */,
				02039C70284ED5AD0070C558 /* Release */,
			);
			defaultConfigurationIsVisible = 0;
			defaultConfigurationName = Release;
		};
		02039C71284ED5AD0070C558 /* Build configuration list for PBXNativeTarget "imagestoryboard" */ = {
			isa = XCConfigurationList;
			buildConfigurations = (
				02039C72284ED5AD0070C558 /* Debug */,
				02039C73284ED5AD0070C558 /* Release */,
			);
			defaultConfigurationIsVisible = 0;
			defaultConfigurationName = Release;
		};
		02039C74284ED5AD0070C558 /* Build configuration list for PBXNativeTarget "imagestoryboardTests" */ = {
			isa = XCConfigurationList;
			buildConfigurations = (
				02039C75284ED5AD0070C558 /* Debug */,
				02039C76284ED5AD0070C558 /* Release */,
			);
			defaultConfigurationIsVisible = 0;
			defaultConfigurationName = Release;
		};
		02039C77284ED5AD0070C558 /* Build configuration list for PBXNativeTarget "imagestoryboardUITests" */ = {
			isa = XCConfigurationList;
			buildConfigurations = (
				02039C78284ED5AD0070C558 /* Debug */,
				02039C79284ED5AD0070C558 /* Release */,
			);
			defaultConfigurationIsVisible = 0;
			defaultConfigurationName = Release;
		};
/* End XCConfigurationList section */
	};
	rootObject = 02039C3F284ED5AA0070C558 /* Project object */;
}
