// !$*UTF8*$!
{
	archiveVersion = 1;
	classes = {
	};
	objectVersion = 55;
	objects = {

/* Begin PBXBuildFile section */
		02039B1F284E69040070C558 /* AppDelegate.swift in Sources */ = {isa = PBXBuildFile; fileRef = 02039B1E284E69040070C558 /* AppDelegate.swift */; };
		02039B21284E69040070C558 /* SceneDelegate.swift in Sources */ = {isa = PBXBuildFile; fileRef = 02039B20284E69040070C558 /* SceneDelegate.swift */; };
		02039B23284E69040070C558 /* ViewController.swift in Sources */ = {isa = PBXBuildFile; fileRef = 02039B22284E69040070C558 /* ViewController.swift */; };
		02039B26284E69040070C558 /* Main.storyboard in Resources */ = {isa = PBXBuildFile; fileRef = 02039B24284E69040070C558 /* Main.storyboard */; };
		02039B28284E69070070C558 /* Assets.xcassets in Resources */ = {isa = PBXBuildFile; fileRef = 02039B27284E69070070C558 /* Assets.xcassets */; };
		02039B2B284E69070070C558 /* LaunchScreen.storyboard in Resources */ = {isa = PBXBuildFile; fileRef = 02039B29284E69070070C558 /* LaunchScreen.storyboard */; };
		02039B36284E69070070C558 /* multilabelsTests.swift in Sources */ = {isa = PBXBuildFile; fileRef = 02039B35284E69070070C558 /* multilabelsTests.swift */; };
		02039B40284E69070070C558 /* multilabelsUITests.swift in Sources */ = {isa = PBXBuildFile; fileRef = 02039B3F284E69070070C558 /* multilabelsUITests.swift */; };
		02039B42284E69070070C558 /* multilabelsUITestsLaunchTests.swift in Sources */ = {isa = PBXBuildFile; fileRef = 02039B41284E69070070C558 /* multilabelsUITestsLaunchTests.swift */; };
/* End PBXBuildFile section */

/* Begin PBXContainerItemProxy section */
		02039B32284E69070070C558 /* PBXContainerItemProxy */ = {
			isa = PBXContainerItemProxy;
			containerPortal = 02039B13284E69040070C558 /* Project object */;
			proxyType = 1;
			remoteGlobalIDString = 02039B1A284E69040070C558;
			remoteInfo = multilabels;
		};
		02039B3C284E69070070C558 /* PBXContainerItemProxy */ = {
			isa = PBXContainerItemProxy;
			containerPortal = 02039B13284E69040070C558 /* Project object */;
			proxyType = 1;
			remoteGlobalIDString = 02039B1A284E69040070C558;
			remoteInfo = multilabels;
		};
/* End PBXContainerItemProxy section */

/* Begin PBXFileReference section */
		02039B1B284E69040070C558 /* multilabels.app */ = {isa = PBXFileReference; explicitFileType = wrapper.application; includeInIndex = 0; path = multilabels.app; sourceTree = BUILT_PRODUCTS_DIR; };
		02039B1E284E69040070C558 /* AppDelegate.swift */ = {isa = PBXFileReference; lastKnownFileType = sourcecode.swift; path = AppDelegate.swift; sourceTree = "<group>"; };
		02039B20284E69040070C558 /* SceneDelegate.swift */ = {isa = PBXFileReference; lastKnownFileType = sourcecode.swift; path = SceneDelegate.swift; sourceTree = "<group>"; };
		02039B22284E69040070C558 /* ViewController.swift */ = {isa = PBXFileReference; lastKnownFileType = sourcecode.swift; path = ViewController.swift; sourceTree = "<group>"; };
		02039B25284E69040070C558 /* Base */ = {isa = PBXFileReference; lastKnownFileType = file.storyboard; name = Base; path = Base.lproj/Main.storyboard; sourceTree = "<group>"; };
		02039B27284E69070070C558 /* Assets.xcassets */ = {isa = PBXFileReference; lastKnownFileType = folder.assetcatalog; path = Assets.xcassets; sourceTree = "<group>"; };
		02039B2A284E69070070C558 /* Base */ = {isa = PBXFileReference; lastKnownFileType = file.storyboard; name = Base; path = Base.lproj/LaunchScreen.storyboard; sourceTree = "<group>"; };
		02039B2C284E69070070C558 /* Info.plist */ = {isa = PBXFileReference; lastKnownFileType = text.plist.xml; path = Info.plist; sourceTree = "<group>"; };
		02039B31284E69070070C558 /* multilabelsTests.xctest */ = {isa = PBXFileReference; explicitFileType = wrapper.cfbundle; includeInIndex = 0; path = multilabelsTests.xctest; sourceTree = BUILT_PRODUCTS_DIR; };
		02039B35284E69070070C558 /* multilabelsTests.swift */ = {isa = PBXFileReference; lastKnownFileType = sourcecode.swift; path = multilabelsTests.swift; sourceTree = "<group>"; };
		02039B3B284E69070070C558 /* multilabelsUITests.xctest */ = {isa = PBXFileReference; explicitFileType = wrapper.cfbundle; includeInIndex = 0; path = multilabelsUITests.xctest; sourceTree = BUILT_PRODUCTS_DIR; };
		02039B3F284E69070070C558 /* multilabelsUITests.swift */ = {isa = PBXFileReference; lastKnownFileType = sourcecode.swift; path = multilabelsUITests.swift; sourceTree = "<group>"; };
		02039B41284E69070070C558 /* multilabelsUITestsLaunchTests.swift */ = {isa = PBXFileReference; lastKnownFileType = sourcecode.swift; path = multilabelsUITestsLaunchTests.swift; sourceTree = "<group>"; };
/* End PBXFileReference section */

/* Begin PBXFrameworksBuildPhase section */
		02039B18284E69040070C558 /* Frameworks */ = {
			isa = PBXFrameworksBuildPhase;
			buildActionMask = 2147483647;
			files = (
			);
			runOnlyForDeploymentPostprocessing = 0;
		};
		02039B2E284E69070070C558 /* Frameworks */ = {
			isa = PBXFrameworksBuildPhase;
			buildActionMask = 2147483647;
			files = (
			);
			runOnlyForDeploymentPostprocessing = 0;
		};
		02039B38284E69070070C558 /* Frameworks */ = {
			isa = PBXFrameworksBuildPhase;
			buildActionMask = 2147483647;
			files = (
			);
			runOnlyForDeploymentPostprocessing = 0;
		};
/* End PBXFrameworksBuildPhase section */

/* Begin PBXGroup section */
		02039B12284E69040070C558 = {
			isa = PBXGroup;
			children = (
				02039B1D284E69040070C558 /* multilabels */,
				02039B34284E69070070C558 /* multilabelsTests */,
				02039B3E284E69070070C558 /* multilabelsUITests */,
				02039B1C284E69040070C558 /* Products */,
			);
			sourceTree = "<group>";
		};
		02039B1C284E69040070C558 /* Products */ = {
			isa = PBXGroup;
			children = (
				02039B1B284E69040070C558 /* multilabels.app */,
				02039B31284E69070070C558 /* multilabelsTests.xctest */,
				02039B3B284E69070070C558 /* multilabelsUITests.xctest */,
			);
			name = Products;
			sourceTree = "<group>";
		};
		02039B1D284E69040070C558 /* multilabels */ = {
			isa = PBXGroup;
			children = (
				02039B1E284E69040070C558 /* AppDelegate.swift */,
				02039B20284E69040070C558 /* SceneDelegate.swift */,
				02039B22284E69040070C558 /* ViewController.swift */,
				02039B24284E69040070C558 /* Main.storyboard */,
				02039B27284E69070070C558 /* Assets.xcassets */,
				02039B29284E69070070C558 /* LaunchScreen.storyboard */,
				02039B2C284E69070070C558 /* Info.plist */,
			);
			path = multilabels;
			sourceTree = "<group>";
		};
		02039B34284E69070070C558 /* multilabelsTests */ = {
			isa = PBXGroup;
			children = (
				02039B35284E69070070C558 /* multilabelsTests.swift */,
			);
			path = multilabelsTests;
			sourceTree = "<group>";
		};
		02039B3E284E69070070C558 /* multilabelsUITests */ = {
			isa = PBXGroup;
			children = (
				02039B3F284E69070070C558 /* multilabelsUITests.swift */,
				02039B41284E69070070C558 /* multilabelsUITestsLaunchTests.swift */,
			);
			path = multilabelsUITests;
			sourceTree = "<group>";
		};
/* End PBXGroup section */

/* Begin PBXNativeTarget section */
		02039B1A284E69040070C558 /* multilabels */ = {
			isa = PBXNativeTarget;
			buildConfigurationList = 02039B45284E69070070C558 /* Build configuration list for PBXNativeTarget "multilabels" */;
			buildPhases = (
				02039B17284E69040070C558 /* Sources */,
				02039B18284E69040070C558 /* Frameworks */,
				02039B19284E69040070C558 /* Resources */,
			);
			buildRules = (
			);
			dependencies = (
			);
			name = multilabels;
			productName = multilabels;
			productReference = 02039B1B284E69040070C558 /* multilabels.app */;
			productType = "com.apple.product-type.application";
		};
		02039B30284E69070070C558 /* multilabelsTests */ = {
			isa = PBXNativeTarget;
			buildConfigurationList = 02039B48284E69070070C558 /* Build configuration list for PBXNativeTarget "multilabelsTests" */;
			buildPhases = (
				02039B2D284E69070070C558 /* Sources */,
				02039B2E284E69070070C558 /* Frameworks */,
				02039B2F284E69070070C558 /* Resources */,
			);
			buildRules = (
			);
			dependencies = (
				02039B33284E69070070C558 /* PBXTargetDependency */,
			);
			name = multilabelsTests;
			productName = multilabelsTests;
			productReference = 02039B31284E69070070C558 /* multilabelsTests.xctest */;
			productType = "com.apple.product-type.bundle.unit-test";
		};
		02039B3A284E69070070C558 /* multilabelsUITests */ = {
			isa = PBXNativeTarget;
			buildConfigurationList = 02039B4B284E69070070C558 /* Build configuration list for PBXNativeTarget "multilabelsUITests" */;
			buildPhases = (
				02039B37284E69070070C558 /* Sources */,
				02039B38284E69070070C558 /* Frameworks */,
				02039B39284E69070070C558 /* Resources */,
			);
			buildRules = (
			);
			dependencies = (
				02039B3D284E69070070C558 /* PBXTargetDependency */,
			);
			name = multilabelsUITests;
			productName = multilabelsUITests;
			productReference = 02039B3B284E69070070C558 /* multilabelsUITests.xctest */;
			productType = "com.apple.product-type.bundle.ui-testing";
		};
/* End PBXNativeTarget section */

/* Begin PBXProject section */
		02039B13284E69040070C558 /* Project object */ = {
			isa = PBXProject;
			attributes = {
				BuildIndependentTargetsInParallel = 1;
				LastSwiftUpdateCheck = 1340;
				LastUpgradeCheck = 1340;
				TargetAttributes = {
					02039B1A284E69040070C558 = {
						CreatedOnToolsVersion = 13.4.1;
					};
					02039B30284E69070070C558 = {
						CreatedOnToolsVersion = 13.4.1;
						TestTargetID = 02039B1A284E69040070C558;
					};
					02039B3A284E69070070C558 = {
						CreatedOnToolsVersion = 13.4.1;
						TestTargetID = 02039B1A284E69040070C558;
					};
				};
			};
			buildConfigurationList = 02039B16284E69040070C558 /* Build configuration list for PBXProject "multilabels" */;
			compatibilityVersion = "Xcode 13.0";
			developmentRegion = en;
			hasScannedForEncodings = 0;
			knownRegions = (
				en,
				Base,
			);
			mainGroup = 02039B12284E69040070C558;
			productRefGroup = 02039B1C284E69040070C558 /* Products */;
			projectDirPath = "";
			projectRoot = "";
			targets = (
				02039B1A284E69040070C558 /* multilabels */,
				02039B30284E69070070C558 /* multilabelsTests */,
				02039B3A284E69070070C558 /* multilabelsUITests */,
			);
		};
/* End PBXProject section */

/* Begin PBXResourcesBuildPhase section */
		02039B19284E69040070C558 /* Resources */ = {
			isa = PBXResourcesBuildPhase;
			buildActionMask = 2147483647;
			files = (
				02039B2B284E69070070C558 /* LaunchScreen.storyboard in Resources */,
				02039B28284E69070070C558 /* Assets.xcassets in Resources */,
				02039B26284E69040070C558 /* Main.storyboard in Resources */,
			);
			runOnlyForDeploymentPostprocessing = 0;
		};
		02039B2F284E69070070C558 /* Resources */ = {
			isa = PBXResourcesBuildPhase;
			buildActionMask = 2147483647;
			files = (
			);
			runOnlyForDeploymentPostprocessing = 0;
		};
		02039B39284E69070070C558 /* Resources */ = {
			isa = PBXResourcesBuildPhase;
			buildActionMask = 2147483647;
			files = (
			);
			runOnlyForDeploymentPostprocessing = 0;
		};
/* End PBXResourcesBuildPhase section */

/* Begin PBXSourcesBuildPhase section */
		02039B17284E69040070C558 /* Sources */ = {
			isa = PBXSourcesBuildPhase;
			buildActionMask = 2147483647;
			files = (
				02039B23284E69040070C558 /* ViewController.swift in Sources */,
				02039B1F284E69040070C558 /* AppDelegate.swift in Sources */,
				02039B21284E69040070C558 /* SceneDelegate.swift in Sources */,
			);
			runOnlyForDeploymentPostprocessing = 0;
		};
		02039B2D284E69070070C558 /* Sources */ = {
			isa = PBXSourcesBuildPhase;
			buildActionMask = 2147483647;
			files = (
				02039B36284E69070070C558 /* multilabelsTests.swift in Sources */,
			);
			runOnlyForDeploymentPostprocessing = 0;
		};
		02039B37284E69070070C558 /* Sources */ = {
			isa = PBXSourcesBuildPhase;
			buildActionMask = 2147483647;
			files = (
				02039B40284E69070070C558 /* multilabelsUITests.swift in Sources */,
				02039B42284E69070070C558 /* multilabelsUITestsLaunchTests.swift in Sources */,
			);
			runOnlyForDeploymentPostprocessing = 0;
		};
/* End PBXSourcesBuildPhase section */

/* Begin PBXTargetDependency section */
		02039B33284E69070070C558 /* PBXTargetDependency */ = {
			isa = PBXTargetDependency;
			target = 02039B1A284E69040070C558 /* multilabels */;
			targetProxy = 02039B32284E69070070C558 /* PBXContainerItemProxy */;
		};
		02039B3D284E69070070C558 /* PBXTargetDependency */ = {
			isa = PBXTargetDependency;
			target = 02039B1A284E69040070C558 /* multilabels */;
			targetProxy = 02039B3C284E69070070C558 /* PBXContainerItemProxy */;
		};
/* End PBXTargetDependency section */

/* Begin PBXVariantGroup section */
		02039B24284E69040070C558 /* Main.storyboard */ = {
			isa = PBXVariantGroup;
			children = (
				02039B25284E69040070C558 /* Base */,
			);
			name = Main.storyboard;
			sourceTree = "<group>";
		};
		02039B29284E69070070C558 /* LaunchScreen.storyboard */ = {
			isa = PBXVariantGroup;
			children = (
				02039B2A284E69070070C558 /* Base */,
			);
			name = LaunchScreen.storyboard;
			sourceTree = "<group>";
		};
/* End PBXVariantGroup section */

/* Begin XCBuildConfiguration section */
		02039B43284E69070070C558 /* Debug */ = {
			isa = XCBuildConfiguration;
			buildSettings = {
				ALWAYS_SEARCH_USER_PATHS = NO;
				CLANG_ANALYZER_NONNULL = YES;
				CLANG_ANALYZER_NUMBER_OBJECT_CONVERSION = YES_AGGRESSIVE;
				CLANG_CXX_LANGUAGE_STANDARD = "gnu++17";
				CLANG_ENABLE_MODULES = YES;
				CLANG_ENABLE_OBJC_ARC = YES;
				CLANG_ENABLE_OBJC_WEAK = YES;
				CLANG_WARN_BLOCK_CAPTURE_AUTORELEASING = YES;
				CLANG_WARN_BOOL_CONVERSION = YES;
				CLANG_WARN_COMMA = YES;
				CLANG_WARN_CONSTANT_CONVERSION = YES;
				CLANG_WARN_DEPRECATED_OBJC_IMPLEMENTATIONS = YES;
				CLANG_WARN_DIRECT_OBJC_ISA_USAGE = YES_ERROR;
				CLANG_WARN_DOCUMENTATION_COMMENTS = YES;
				CLANG_WARN_EMPTY_BODY = YES;
				CLANG_WARN_ENUM_CONVERSION = YES;
				CLANG_WARN_INFINITE_RECURSION = YES;
				CLANG_WARN_INT_CONVERSION = YES;
				CLANG_WARN_NON_LITERAL_NULL_CONVERSION = YES;
				CLANG_WARN_OBJC_IMPLICIT_RETAIN_SELF = YES;
				CLANG_WARN_OBJC_LITERAL_CONVERSION = YES;
				CLANG_WARN_OBJC_ROOT_CLASS = YES_ERROR;
				CLANG_WARN_QUOTED_INCLUDE_IN_FRAMEWORK_HEADER = YES;
				CLANG_WARN_RANGE_LOOP_ANALYSIS = YES;
				CLANG_WARN_STRICT_PROTOTYPES = YES;
				CLANG_WARN_SUSPICIOUS_MOVE = YES;
				CLANG_WARN_UNGUARDED_AVAILABILITY = YES_AGGRESSIVE;
				CLANG_WARN_UNREACHABLE_CODE = YES;
				CLANG_WARN__DUPLICATE_METHOD_MATCH = YES;
				COPY_PHASE_STRIP = NO;
				DEBUG_INFORMATION_FORMAT = dwarf;
				ENABLE_STRICT_OBJC_MSGSEND = YES;
				ENABLE_TESTABILITY = YES;
				GCC_C_LANGUAGE_STANDARD = gnu11;
				GCC_DYNAMIC_NO_PIC = NO;
				GCC_NO_COMMON_BLOCKS = YES;
				GCC_OPTIMIZATION_LEVEL = 0;
				GCC_PREPROCESSOR_DEFINITIONS = (
					"DEBUG=1",
					"$(inherited)",
				);
				GCC_WARN_64_TO_32_BIT_CONVERSION = YES;
				GCC_WARN_ABOUT_RETURN_TYPE = YES_ERROR;
				GCC_WARN_UNDECLARED_SELECTOR = YES;
				GCC_WARN_UNINITIALIZED_AUTOS = YES_AGGRESSIVE;
				GCC_WARN_UNUSED_FUNCTION = YES;
				GCC_WARN_UNUSED_VARIABLE = YES;
				IPHONEOS_DEPLOYMENT_TARGET = 15.5;
				MTL_ENABLE_DEBUG_INFO = INCLUDE_SOURCE;
				MTL_FAST_MATH = YES;
				ONLY_ACTIVE_ARCH = YES;
				SDKROOT = iphoneos;
				SWIFT_ACTIVE_COMPILATION_CONDITIONS = DEBUG;
				SWIFT_OPTIMIZATION_LEVEL = "-Onone";
			};
			name = Debug;
		};
		02039B44284E69070070C558 /* Release */ = {
			isa = XCBuildConfiguration;
			buildSettings = {
				ALWAYS_SEARCH_USER_PATHS = NO;
				CLANG_ANALYZER_NONNULL = YES;
				CLANG_ANALYZER_NUMBER_OBJECT_CONVERSION = YES_AGGRESSIVE;
				CLANG_CXX_LANGUAGE_STANDARD = "gnu++17";
				CLANG_ENABLE_MODULES = YES;
				CLANG_ENABLE_OBJC_ARC = YES;
				CLANG_ENABLE_OBJC_WEAK = YES;
				CLANG_WARN_BLOCK_CAPTURE_AUTORELEASING = YES;
				CLANG_WARN_BOOL_CONVERSION = YES;
				CLANG_WARN_COMMA = YES;
				CLANG_WARN_CONSTANT_CONVERSION = YES;
				CLANG_WARN_DEPRECATED_OBJC_IMPLEMENTATIONS = YES;
				CLANG_WARN_DIRECT_OBJC_ISA_USAGE = YES_ERROR;
				CLANG_WARN_DOCUMENTATION_COMMENTS = YES;
				CLANG_WARN_EMPTY_BODY = YES;
				CLANG_WARN_ENUM_CONVERSION = YES;
				CLANG_WARN_INFINITE_RECURSION = YES;
				CLANG_WARN_INT_CONVERSION = YES;
				CLANG_WARN_NON_LITERAL_NULL_CONVERSION = YES;
				CLANG_WARN_OBJC_IMPLICIT_RETAIN_SELF = YES;
				CLANG_WARN_OBJC_LITERAL_CONVERSION = YES;
				CLANG_WARN_OBJC_ROOT_CLASS = YES_ERROR;
				CLANG_WARN_QUOTED_INCLUDE_IN_FRAMEWORK_HEADER = YES;
				CLANG_WARN_RANGE_LOOP_ANALYSIS = YES;
				CLANG_WARN_STRICT_PROTOTYPES = YES;
				CLANG_WARN_SUSPICIOUS_MOVE = YES;
				CLANG_WARN_UNGUARDED_AVAILABILITY = YES_AGGRESSIVE;
				CLANG_WARN_UNREACHABLE_CODE = YES;
				CLANG_WARN__DUPLICATE_METHOD_MATCH = YES;
				COPY_PHASE_STRIP = NO;
				DEBUG_INFORMATION_FORMAT = "dwarf-with-dsym";
				ENABLE_NS_ASSERTIONS = NO;
				ENABLE_STRICT_OBJC_MSGSEND = YES;
				GCC_C_LANGUAGE_STANDARD = gnu11;
				GCC_NO_COMMON_BLOCKS = YES;
				GCC_WARN_64_TO_32_BIT_CONVERSION = YES;
				GCC_WARN_ABOUT_RETURN_TYPE = YES_ERROR;
				GCC_WARN_UNDECLARED_SELECTOR = YES;
				GCC_WARN_UNINITIALIZED_AUTOS = YES_AGGRESSIVE;
				GCC_WARN_UNUSED_FUNCTION = YES;
				GCC_WARN_UNUSED_VARIABLE = YES;
				IPHONEOS_DEPLOYMENT_TARGET = 15.5;
				MTL_ENABLE_DEBUG_INFO = NO;
				MTL_FAST_MATH = YES;
				SDKROOT = iphoneos;
				SWIFT_COMPILATION_MODE = wholemodule;
				SWIFT_OPTIMIZATION_LEVEL = "-O";
				VALIDATE_PRODUCT = YES;
			};
			name = Release;
		};
		02039B46284E69070070C558 /* Debug */ = {
			isa = XCBuildConfiguration;
			buildSettings = {
				ASSETCATALOG_COMPILER_APPICON_NAME = AppIcon;
				ASSETCATALOG_COMPILER_GLOBAL_ACCENT_COLOR_NAME = AccentColor;
				CODE_SIGN_STYLE = Automatic;
				CURRENT_PROJECT_VERSION = 1;
				DEVELOPMENT_TEAM = 56U76B4S84;
				GENERATE_INFOPLIST_FILE = YES;
				INFOPLIST_FILE = multilabels/Info.plist;
				INFOPLIST_KEY_UIApplicationSupportsIndirectInputEvents = YES;
				INFOPLIST_KEY_UILaunchStoryboardName = LaunchScreen;
				INFOPLIST_KEY_UIMainStoryboardFile = Main;
				INFOPLIST_KEY_UISupportedInterfaceOrientations_iPad = "UIInterfaceOrientationPortrait UIInterfaceOrientationPortraitUpsideDown UIInterfaceOrientationLandscapeLeft UIInterfaceOrientationLandscapeRight";
				INFOPLIST_KEY_UISupportedInterfaceOrientations_iPhone = "UIInterfaceOrientationPortrait UIInterfaceOrientationLandscapeLeft UIInterfaceOrientationLandscapeRight";
				LD_RUNPATH_SEARCH_PATHS = (
					"$(inherited)",
					"@executable_path/Frameworks",
				);
				MARKETING_VERSION = 1.0;
				PRODUCT_BUNDLE_IDENTIFIER = "Melanie-Sakelaris.multilabels";
				PRODUCT_NAME = "$(TARGET_NAME)";
				SWIFT_EMIT_LOC_STRINGS = YES;
				SWIFT_VERSION = 5.0;
				TARGETED_DEVICE_FAMILY = "1,2";
			};
			name = Debug;
		};
		02039B47284E69070070C558 /* Release */ = {
			isa = XCBuildConfiguration;
			buildSettings = {
				ASSETCATALOG_COMPILER_APPICON_NAME = AppIcon;
				ASSETCATALOG_COMPILER_GLOBAL_ACCENT_COLOR_NAME = AccentColor;
				CODE_SIGN_STYLE = Automatic;
				CURRENT_PROJECT_VERSION = 1;
				DEVELOPMENT_TEAM = 56U76B4S84;
				GENERATE_INFOPLIST_FILE = YES;
				INFOPLIST_FILE = multilabels/Info.plist;
				INFOPLIST_KEY_UIApplicationSupportsIndirectInputEvents = YES;
				INFOPLIST_KEY_UILaunchStoryboardName = LaunchScreen;
				INFOPLIST_KEY_UIMainStoryboardFile = Main;
				INFOPLIST_KEY_UISupportedInterfaceOrientations_iPad = "UIInterfaceOrientationPortrait UIInterfaceOrientationPortraitUpsideDown UIInterfaceOrientationLandscapeLeft UIInterfaceOrientationLandscapeRight";
				INFOPLIST_KEY_UISupportedInterfaceOrientations_iPhone = "UIInterfaceOrientationPortrait UIInterfaceOrientationLandscapeLeft UIInterfaceOrientationLandscapeRight";
				LD_RUNPATH_SEARCH_PATHS = (
					"$(inherited)",
					"@executable_path/Frameworks",
				);
				MARKETING_VERSION = 1.0;
				PRODUCT_BUNDLE_IDENTIFIER = "Melanie-Sakelaris.multilabels";
				PRODUCT_NAME = "$(TARGET_NAME)";
				SWIFT_EMIT_LOC_STRINGS = YES;
				SWIFT_VERSION = 5.0;
				TARGETED_DEVICE_FAMILY = "1,2";
			};
			name = Release;
		};
		02039B49284E69070070C558 /* Debug */ = {
			isa = XCBuildConfiguration;
			buildSettings = {
				ALWAYS_EMBED_SWIFT_STANDARD_LIBRARIES = YES;
				BUNDLE_LOADER = "$(TEST_HOST)";
				CODE_SIGN_STYLE = Automatic;
				CURRENT_PROJECT_VERSION = 1;
				DEVELOPMENT_TEAM = 56U76B4S84;
				GENERATE_INFOPLIST_FILE = YES;
				IPHONEOS_DEPLOYMENT_TARGET = 15.5;
				MARKETING_VERSION = 1.0;
				PRODUCT_BUNDLE_IDENTIFIER = "Melanie-Sakelaris.multilabelsTests";
				PRODUCT_NAME = "$(TARGET_NAME)";
				SWIFT_EMIT_LOC_STRINGS = NO;
				SWIFT_VERSION = 5.0;
				TARGETED_DEVICE_FAMILY = "1,2";
				TEST_HOST = "$(BUILT_PRODUCTS_DIR)/multilabels.app/multilabels";
			};
			name = Debug;
		};
		02039B4A284E69070070C558 /* Release */ = {
			isa = XCBuildConfiguration;
			buildSettings = {
				ALWAYS_EMBED_SWIFT_STANDARD_LIBRARIES = YES;
				BUNDLE_LOADER = "$(TEST_HOST)";
				CODE_SIGN_STYLE = Automatic;
				CURRENT_PROJECT_VERSION = 1;
				DEVELOPMENT_TEAM = 56U76B4S84;
				GENERATE_INFOPLIST_FILE = YES;
				IPHONEOS_DEPLOYMENT_TARGET = 15.5;
				MARKETING_VERSION = 1.0;
				PRODUCT_BUNDLE_IDENTIFIER = "Melanie-Sakelaris.multilabelsTests";
				PRODUCT_NAME = "$(TARGET_NAME)";
				SWIFT_EMIT_LOC_STRINGS = NO;
				SWIFT_VERSION = 5.0;
				TARGETED_DEVICE_FAMILY = "1,2";
				TEST_HOST = "$(BUILT_PRODUCTS_DIR)/multilabels.app/multilabels";
			};
			name = Release;
		};
		02039B4C284E69070070C558 /* Debug */ = {
			isa = XCBuildConfiguration;
			buildSettings = {
				ALWAYS_EMBED_SWIFT_STANDARD_LIBRARIES = YES;
				CODE_SIGN_STYLE = Automatic;
				CURRENT_PROJECT_VERSION = 1;
				DEVELOPMENT_TEAM = 56U76B4S84;
				GENERATE_INFOPLIST_FILE = YES;
				MARKETING_VERSION = 1.0;
				PRODUCT_BUNDLE_IDENTIFIER = "Melanie-Sakelaris.multilabelsUITests";
				PRODUCT_NAME = "$(TARGET_NAME)";
				SWIFT_EMIT_LOC_STRINGS = NO;
				SWIFT_VERSION = 5.0;
				TARGETED_DEVICE_FAMILY = "1,2";
				TEST_TARGET_NAME = multilabels;
			};
			name = Debug;
		};
		02039B4D284E69070070C558 /* Release */ = {
			isa = XCBuildConfiguration;
			buildSettings = {
				ALWAYS_EMBED_SWIFT_STANDARD_LIBRARIES = YES;
				CODE_SIGN_STYLE = Automatic;
				CURRENT_PROJECT_VERSION = 1;
				DEVELOPMENT_TEAM = 56U76B4S84;
				GENERATE_INFOPLIST_FILE = YES;
				MARKETING_VERSION = 1.0;
				PRODUCT_BUNDLE_IDENTIFIER = "Melanie-Sakelaris.multilabelsUITests";
				PRODUCT_NAME = "$(TARGET_NAME)";
				SWIFT_EMIT_LOC_STRINGS = NO;
				SWIFT_VERSION = 5.0;
				TARGETED_DEVICE_FAMILY = "1,2";
				TEST_TARGET_NAME = multilabels;
			};
			name = Release;
		};
/* End XCBuildConfiguration section */

/* Begin XCConfigurationList section */
		02039B16284E69040070C558 /* Build configuration list for PBXProject "multilabels" */ = {
			isa = XCConfigurationList;
			buildConfigurations = (
				02039B43284E69070070C558 /* Debug */,
				02039B44284E69070070C558 /* Release */,
			);
			defaultConfigurationIsVisible = 0;
			defaultConfigurationName = Release;
		};
		02039B45284E69070070C558 /* Build configuration list for PBXNativeTarget "multilabels" */ = {
			isa = XCConfigurationList;
			buildConfigurations = (
				02039B46284E69070070C558 /* Debug */,
				02039B47284E69070070C558 /* Release */,
			);
			defaultConfigurationIsVisible = 0;
			defaultConfigurationName = Release;
		};
		02039B48284E69070070C558 /* Build configuration list for PBXNativeTarget "multilabelsTests" */ = {
			isa = XCConfigurationList;
			buildConfigurations = (
				02039B49284E69070070C558 /* Debug */,
				02039B4A284E69070070C558 /* Release */,
			);
			defaultConfigurationIsVisible = 0;
			defaultConfigurationName = Release;
		};
		02039B4B284E69070070C558 /* Build configuration list for PBXNativeTarget "multilabelsUITests" */ = {
			isa = XCConfigurationList;
			buildConfigurations = (
				02039B4C284E69070070C558 /* Debug */,
				02039B4D284E69070070C558 /* Release */,
			);
			defaultConfigurationIsVisible = 0;
			defaultConfigurationName = Release;
		};
/* End XCConfigurationList section */
	};
	rootObject = 02039B13284E69040070C558 /* Project object */;
}
