// !$*UTF8*$!
{
	archiveVersion = 1;
	classes = {
	};
	objectVersion = 55;
	objects = {

/* Begin PBXBuildFile section */
		02039BD3284EB5810070C558 /* AppDelegate.swift in Sources */ = {isa = PBXBuildFile; fileRef = 02039BD2284EB5810070C558 /* AppDelegate.swift */; };
		02039BD5284EB5810070C558 /* SceneDelegate.swift in Sources */ = {isa = PBXBuildFile; fileRef = 02039BD4284EB5810070C558 /* SceneDelegate.swift */; };
		02039BD7284EB5810070C558 /* ViewController.swift in Sources */ = {isa = PBXBuildFile; fileRef = 02039BD6284EB5810070C558 /* ViewController.swift */; };
		02039BDA284EB5810070C558 /* Main.storyboard in Resources */ = {isa = PBXBuildFile; fileRef = 02039BD8284EB5810070C558 /* Main.storyboard */; };
		02039BDC284EB5830070C558 /* Assets.xcassets in Resources */ = {isa = PBXBuildFile; fileRef = 02039BDB284EB5830070C558 /* Assets.xcassets */; };
		02039BDF284EB5830070C558 /* LaunchScreen.storyboard in Resources */ = {isa = PBXBuildFile; fileRef = 02039BDD284EB5830070C558 /* LaunchScreen.storyboard */; };
		02039BEA284EB5830070C558 /* labeltapTests.swift in Sources */ = {isa = PBXBuildFile; fileRef = 02039BE9284EB5830070C558 /* labeltapTests.swift */; };
		02039BF4284EB5830070C558 /* labeltapUITests.swift in Sources */ = {isa = PBXBuildFile; fileRef = 02039BF3284EB5830070C558 /* labeltapUITests.swift */; };
		02039BF6284EB5830070C558 /* labeltapUITestsLaunchTests.swift in Sources */ = {isa = PBXBuildFile; fileRef = 02039BF5284EB5830070C558 /* labeltapUITestsLaunchTests.swift */; };
/* End PBXBuildFile section */

/* Begin PBXContainerItemProxy section */
		02039BE6284EB5830070C558 /* PBXContainerItemProxy */ = {
			isa = PBXContainerItemProxy;
			containerPortal = 02039BC7284EB5800070C558 /* Project object */;
			proxyType = 1;
			remoteGlobalIDString = 02039BCE284EB5800070C558;
			remoteInfo = labeltap;
		};
		02039BF0284EB5830070C558 /* PBXContainerItemProxy */ = {
			isa = PBXContainerItemProxy;
			containerPortal = 02039BC7284EB5800070C558 /* Project object */;
			proxyType = 1;
			remoteGlobalIDString = 02039BCE284EB5800070C558;
			remoteInfo = labeltap;
		};
/* End PBXContainerItemProxy section */

/* Begin PBXFileReference section */
		02039BCF284EB5800070C558 /* labeltap.app */ = {isa = PBXFileReference; explicitFileType = wrapper.application; includeInIndex = 0; path = labeltap.app; sourceTree = BUILT_PRODUCTS_DIR; };
		02039BD2284EB5810070C558 /* AppDelegate.swift */ = {isa = PBXFileReference; lastKnownFileType = sourcecode.swift; path = AppDelegate.swift; sourceTree = "<group>"; };
		02039BD4284EB5810070C558 /* SceneDelegate.swift */ = {isa = PBXFileReference; lastKnownFileType = sourcecode.swift; path = SceneDelegate.swift; sourceTree = "<group>"; };
		02039BD6284EB5810070C558 /* ViewController.swift */ = {isa = PBXFileReference; lastKnownFileType = sourcecode.swift; path = ViewController.swift; sourceTree = "<group>"; };
		02039BD9284EB5810070C558 /* Base */ = {isa = PBXFileReference; lastKnownFileType = file.storyboard; name = Base; path = Base.lproj/Main.storyboard; sourceTree = "<group>"; };
		02039BDB284EB5830070C558 /* Assets.xcassets */ = {isa = PBXFileReference; lastKnownFileType = folder.assetcatalog; path = Assets.xcassets; sourceTree = "<group>"; };
		02039BDE284EB5830070C558 /* Base */ = {isa = PBXFileReference; lastKnownFileType = file.storyboard; name = Base; path = Base.lproj/LaunchScreen.storyboard; sourceTree = "<group>"; };
		02039BE0284EB5830070C558 /* Info.plist */ = {isa = PBXFileReference; lastKnownFileType = text.plist.xml; path = Info.plist; sourceTree = "<group>"; };
		02039BE5284EB5830070C558 /* labeltapTests.xctest */ = {isa = PBXFileReference; explicitFileType = wrapper.cfbundle; includeInIndex = 0; path = labeltapTests.xctest; sourceTree = BUILT_PRODUCTS_DIR; };
		02039BE9284EB5830070C558 /* labeltapTests.swift */ = {isa = PBXFileReference; lastKnownFileType = sourcecode.swift; path = labeltapTests.swift; sourceTree = "<group>"; };
		02039BEF284EB5830070C558 /* labeltapUITests.xctest */ = {isa = PBXFileReference; explicitFileType = wrapper.cfbundle; includeInIndex = 0; path = labeltapUITests.xctest; sourceTree = BUILT_PRODUCTS_DIR; };
		02039BF3284EB5830070C558 /* labeltapUITests.swift */ = {isa = PBXFileReference; lastKnownFileType = sourcecode.swift; path = labeltapUITests.swift; sourceTree = "<group>"; };
		02039BF5284EB5830070C558 /* labeltapUITestsLaunchTests.swift */ = {isa = PBXFileReference; lastKnownFileType = sourcecode.swift; path = labeltapUITestsLaunchTests.swift; sourceTree = "<group>"; };
/* End PBXFileReference section */

/* Begin PBXFrameworksBuildPhase section */
		02039BCC284EB5800070C558 /* Frameworks */ = {
			isa = PBXFrameworksBuildPhase;
			buildActionMask = 2147483647;
			files = (
			);
			runOnlyForDeploymentPostprocessing = 0;
		};
		02039BE2284EB5830070C558 /* Frameworks */ = {
			isa = PBXFrameworksBuildPhase;
			buildActionMask = 2147483647;
			files = (
			);
			runOnlyForDeploymentPostprocessing = 0;
		};
		02039BEC284EB5830070C558 /* Frameworks */ = {
			isa = PBXFrameworksBuildPhase;
			buildActionMask = 2147483647;
			files = (
			);
			runOnlyForDeploymentPostprocessing = 0;
		};
/* End PBXFrameworksBuildPhase section */

/* Begin PBXGroup section */
		02039BC6284EB5800070C558 = {
			isa = PBXGroup;
			children = (
				02039BD1284EB5800070C558 /* labeltap */,
				02039BE8284EB5830070C558 /* labeltapTests */,
				02039BF2284EB5830070C558 /* labeltapUITests */,
				02039BD0284EB5800070C558 /* Products */,
			);
			sourceTree = "<group>";
		};
		02039BD0284EB5800070C558 /* Products */ = {
			isa = PBXGroup;
			children = (
				02039BCF284EB5800070C558 /* labeltap.app */,
				02039BE5284EB5830070C558 /* labeltapTests.xctest */,
				02039BEF284EB5830070C558 /* labeltapUITests.xctest */,
			);
			name = Products;
			sourceTree = "<group>";
		};
		02039BD1284EB5800070C558 /* labeltap */ = {
			isa = PBXGroup;
			children = (
				02039BD2284EB5810070C558 /* AppDelegate.swift */,
				02039BD4284EB5810070C558 /* SceneDelegate.swift */,
				02039BD6284EB5810070C558 /* ViewController.swift */,
				02039BD8284EB5810070C558 /* Main.storyboard */,
				02039BDB284EB5830070C558 /* Assets.xcassets */,
				02039BDD284EB5830070C558 /* LaunchScreen.storyboard */,
				02039BE0284EB5830070C558 /* Info.plist */,
			);
			path = labeltap;
			sourceTree = "<group>";
		};
		02039BE8284EB5830070C558 /* labeltapTests */ = {
			isa = PBXGroup;
			children = (
				02039BE9284EB5830070C558 /* labeltapTests.swift */,
			);
			path = labeltapTests;
			sourceTree = "<group>";
		};
		02039BF2284EB5830070C558 /* labeltapUITests */ = {
			isa = PBXGroup;
			children = (
				02039BF3284EB5830070C558 /* labeltapUITests.swift */,
				02039BF5284EB5830070C558 /* labeltapUITestsLaunchTests.swift */,
			);
			path = labeltapUITests;
			sourceTree = "<group>";
		};
/* End PBXGroup section */

/* Begin PBXNativeTarget section */
		02039BCE284EB5800070C558 /* labeltap */ = {
			isa = PBXNativeTarget;
			buildConfigurationList = 02039BF9284EB5830070C558 /* Build configuration list for PBXNativeTarget "labeltap" */;
			buildPhases = (
				02039BCB284EB5800070C558 /* Sources */,
				02039BCC284EB5800070C558 /* Frameworks */,
				02039BCD284EB5800070C558 /* Resources */,
			);
			buildRules = (
			);
			dependencies = (
			);
			name = labeltap;
			productName = labeltap;
			productReference = 02039BCF284EB5800070C558 /* labeltap.app */;
			productType = "com.apple.product-type.application";
		};
		02039BE4284EB5830070C558 /* labeltapTests */ = {
			isa = PBXNativeTarget;
			buildConfigurationList = 02039BFC284EB5830070C558 /* Build configuration list for PBXNativeTarget "labeltapTests" */;
			buildPhases = (
				02039BE1284EB5830070C558 /* Sources */,
				02039BE2284EB5830070C558 /* Frameworks */,
				02039BE3284EB5830070C558 /* Resources */,
			);
			buildRules = (
			);
			dependencies = (
				02039BE7284EB5830070C558 /* PBXTargetDependency */,
			);
			name = labeltapTests;
			productName = labeltapTests;
			productReference = 02039BE5284EB5830070C558 /* labeltapTests.xctest */;
			productType = "com.apple.product-type.bundle.unit-test";
		};
		02039BEE284EB5830070C558 /* labeltapUITests */ = {
			isa = PBXNativeTarget;
			buildConfigurationList = 02039BFF284EB5830070C558 /* Build configuration list for PBXNativeTarget "labeltapUITests" */;
			buildPhases = (
				02039BEB284EB5830070C558 /* Sources */,
				02039BEC284EB5830070C558 /* Frameworks */,
				02039BED284EB5830070C558 /* Resources */,
			);
			buildRules = (
			);
			dependencies = (
				02039BF1284EB5830070C558 /* PBXTargetDependency */,
			);
			name = labeltapUITests;
			productName = labeltapUITests;
			productReference = 02039BEF284EB5830070C558 /* labeltapUITests.xctest */;
			productType = "com.apple.product-type.bundle.ui-testing";
		};
/* End PBXNativeTarget section */

/* Begin PBXProject section */
		02039BC7284EB5800070C558 /* Project object */ = {
			isa = PBXProject;
			attributes = {
				BuildIndependentTargetsInParallel = 1;
				LastSwiftUpdateCheck = 1340;
				LastUpgradeCheck = 1340;
				TargetAttributes = {
					02039BCE284EB5800070C558 = {
						CreatedOnToolsVersion = 13.4.1;
					};
					02039BE4284EB5830070C558 = {
						CreatedOnToolsVersion = 13.4.1;
						TestTargetID = 02039BCE284EB5800070C558;
					};
					02039BEE284EB5830070C558 = {
						CreatedOnToolsVersion = 13.4.1;
						TestTargetID = 02039BCE284EB5800070C558;
					};
				};
			};
			buildConfigurationList = 02039BCA284EB5800070C558 /* Build configuration list for PBXProject "labeltap" */;
			compatibilityVersion = "Xcode 13.0";
			developmentRegion = en;
			hasScannedForEncodings = 0;
			knownRegions = (
				en,
				Base,
			);
			mainGroup = 02039BC6284EB5800070C558;
			productRefGroup = 02039BD0284EB5800070C558 /* Products */;
			projectDirPath = "";
			projectRoot = "";
			targets = (
				02039BCE284EB5800070C558 /* labeltap */,
				02039BE4284EB5830070C558 /* labeltapTests */,
				02039BEE284EB5830070C558 /* labeltapUITests */,
			);
		};
/* End PBXProject section */

/* Begin PBXResourcesBuildPhase section */
		02039BCD284EB5800070C558 /* Resources */ = {
			isa = PBXResourcesBuildPhase;
			buildActionMask = 2147483647;
			files = (
				02039BDF284EB5830070C558 /* LaunchScreen.storyboard in Resources */,
				02039BDC284EB5830070C558 /* Assets.xcassets in Resources */,
				02039BDA284EB5810070C558 /* Main.storyboard in Resources */,
			);
			runOnlyForDeploymentPostprocessing = 0;
		};
		02039BE3284EB5830070C558 /* Resources */ = {
			isa = PBXResourcesBuildPhase;
			buildActionMask = 2147483647;
			files = (
			);
			runOnlyForDeploymentPostprocessing = 0;
		};
		02039BED284EB5830070C558 /* Resources */ = {
			isa = PBXResourcesBuildPhase;
			buildActionMask = 2147483647;
			files = (
			);
			runOnlyForDeploymentPostprocessing = 0;
		};
/* End PBXResourcesBuildPhase section */

/* Begin PBXSourcesBuildPhase section */
		02039BCB284EB5800070C558 /* Sources */ = {
			isa = PBXSourcesBuildPhase;
			buildActionMask = 2147483647;
			files = (
				02039BD7284EB5810070C558 /* ViewController.swift in Sources */,
				02039BD3284EB5810070C558 /* AppDelegate.swift in Sources */,
				02039BD5284EB5810070C558 /* SceneDelegate.swift in Sources */,
			);
			runOnlyForDeploymentPostprocessing = 0;
		};
		02039BE1284EB5830070C558 /* Sources */ = {
			isa = PBXSourcesBuildPhase;
			buildActionMask = 2147483647;
			files = (
				02039BEA284EB5830070C558 /* labeltapTests.swift in Sources */,
			);
			runOnlyForDeploymentPostprocessing = 0;
		};
		02039BEB284EB5830070C558 /* Sources */ = {
			isa = PBXSourcesBuildPhase;
			buildActionMask = 2147483647;
			files = (
				02039BF6284EB5830070C558 /* labeltapUITestsLaunchTests.swift in Sources */,
				02039BF4284EB5830070C558 /* labeltapUITests.swift in Sources */,
			);
			runOnlyForDeploymentPostprocessing = 0;
		};
/* End PBXSourcesBuildPhase section */

/* Begin PBXTargetDependency section */
		02039BE7284EB5830070C558 /* PBXTargetDependency */ = {
			isa = PBXTargetDependency;
			target = 02039BCE284EB5800070C558 /* labeltap */;
			targetProxy = 02039BE6284EB5830070C558 /* PBXContainerItemProxy */;
		};
		02039BF1284EB5830070C558 /* PBXTargetDependency */ = {
			isa = PBXTargetDependency;
			target = 02039BCE284EB5800070C558 /* labeltap */;
			targetProxy = 02039BF0284EB5830070C558 /* PBXContainerItemProxy */;
		};
/* End PBXTargetDependency section */

/* Begin PBXVariantGroup section */
		02039BD8284EB5810070C558 /* Main.storyboard */ = {
			isa = PBXVariantGroup;
			children = (
				02039BD9284EB5810070C558 /* Base */,
			);
			name = Main.storyboard;
			sourceTree = "<group>";
		};
		02039BDD284EB5830070C558 /* LaunchScreen.storyboard */ = {
			isa = PBXVariantGroup;
			children = (
				02039BDE284EB5830070C558 /* Base */,
			);
			name = LaunchScreen.storyboard;
			sourceTree = "<group>";
		};
/* End PBXVariantGroup section */

/* Begin XCBuildConfiguration section */
		02039BF7284EB5830070C558 /* Debug */ = {
			isa = XCBuildConfiguration;
			buildSettings = {
				ALWAYS_SEARCH_USER_PATHS = NO;
				CLANG_ANALYZER_NONNULL = YES;
				CLANG_ANALYZER_NUMBER_OBJECT_CONVERSION = YES_AGGRESSIVE;
				CLANG_CXX_LANGUAGE_STANDARD = "gnu++17";
				CLANG_ENABLE_MODULES = YES;
				CLANG_ENABLE_OBJC_ARC = YES;
				CLANG_ENABLE_OBJC_WEAK = YES;
				CLANG_WARN_BLOCK_CAPTURE_AUTORELEASING = YES;
				CLANG_WARN_BOOL_CONVERSION = YES;
				CLANG_WARN_COMMA = YES;
				CLANG_WARN_CONSTANT_CONVERSION = YES;
				CLANG_WARN_DEPRECATED_OBJC_IMPLEMENTATIONS = YES;
				CLANG_WARN_DIRECT_OBJC_ISA_USAGE = YES_ERROR;
				CLANG_WARN_DOCUMENTATION_COMMENTS = YES;
				CLANG_WARN_EMPTY_BODY = YES;
				CLANG_WARN_ENUM_CONVERSION = YES;
				CLANG_WARN_INFINITE_RECURSION = YES;
				CLANG_WARN_INT_CONVERSION = YES;
				CLANG_WARN_NON_LITERAL_NULL_CONVERSION = YES;
				CLANG_WARN_OBJC_IMPLICIT_RETAIN_SELF = YES;
				CLANG_WARN_OBJC_LITERAL_CONVERSION = YES;
				CLANG_WARN_OBJC_ROOT_CLASS = YES_ERROR;
				CLANG_WARN_QUOTED_INCLUDE_IN_FRAMEWORK_HEADER = YES;
				CLANG_WARN_RANGE_LOOP_ANALYSIS = YES;
				CLANG_WARN_STRICT_PROTOTYPES = YES;
				CLANG_WARN_SUSPICIOUS_MOVE = YES;
				CLANG_WARN_UNGUARDED_AVAILABILITY = YES_AGGRESSIVE;
				CLANG_WARN_UNREACHABLE_CODE = YES;
				CLANG_WARN__DUPLICATE_METHOD_MATCH = YES;
				COPY_PHASE_STRIP = NO;
				DEBUG_INFORMATION_FORMAT = dwarf;
				ENABLE_STRICT_OBJC_MSGSEND = YES;
				ENABLE_TESTABILITY = YES;
				GCC_C_LANGUAGE_STANDARD = gnu11;
				GCC_DYNAMIC_NO_PIC = NO;
				GCC_NO_COMMON_BLOCKS = YES;
				GCC_OPTIMIZATION_LEVEL = 0;
				GCC_PREPROCESSOR_DEFINITIONS = (
					"DEBUG=1",
					"$(inherited)",
				);
				GCC_WARN_64_TO_32_BIT_CONVERSION = YES;
				GCC_WARN_ABOUT_RETURN_TYPE = YES_ERROR;
				GCC_WARN_UNDECLARED_SELECTOR = YES;
				GCC_WARN_UNINITIALIZED_AUTOS = YES_AGGRESSIVE;
				GCC_WARN_UNUSED_FUNCTION = YES;
				GCC_WARN_UNUSED_VARIABLE = YES;
				IPHONEOS_DEPLOYMENT_TARGET = 15.5;
				MTL_ENABLE_DEBUG_INFO = INCLUDE_SOURCE;
				MTL_FAST_MATH = YES;
				ONLY_ACTIVE_ARCH = YES;
				SDKROOT = iphoneos;
				SWIFT_ACTIVE_COMPILATION_CONDITIONS = DEBUG;
				SWIFT_OPTIMIZATION_LEVEL = "-Onone";
			};
			name = Debug;
		};
		02039BF8284EB5830070C558 /* Release */ = {
			isa = XCBuildConfiguration;
			buildSettings = {
				ALWAYS_SEARCH_USER_PATHS = NO;
				CLANG_ANALYZER_NONNULL = YES;
				CLANG_ANALYZER_NUMBER_OBJECT_CONVERSION = YES_AGGRESSIVE;
				CLANG_CXX_LANGUAGE_STANDARD = "gnu++17";
				CLANG_ENABLE_MODULES = YES;
				CLANG_ENABLE_OBJC_ARC = YES;
				CLANG_ENABLE_OBJC_WEAK = YES;
				CLANG_WARN_BLOCK_CAPTURE_AUTORELEASING = YES;
				CLANG_WARN_BOOL_CONVERSION = YES;
				CLANG_WARN_COMMA = YES;
				CLANG_WARN_CONSTANT_CONVERSION = YES;
				CLANG_WARN_DEPRECATED_OBJC_IMPLEMENTATIONS = YES;
				CLANG_WARN_DIRECT_OBJC_ISA_USAGE = YES_ERROR;
				CLANG_WARN_DOCUMENTATION_COMMENTS = YES;
				CLANG_WARN_EMPTY_BODY = YES;
				CLANG_WARN_ENUM_CONVERSION = YES;
				CLANG_WARN_INFINITE_RECURSION = YES;
				CLANG_WARN_INT_CONVERSION = YES;
				CLANG_WARN_NON_LITERAL_NULL_CONVERSION = YES;
				CLANG_WARN_OBJC_IMPLICIT_RETAIN_SELF = YES;
				CLANG_WARN_OBJC_LITERAL_CONVERSION = YES;
				CLANG_WARN_OBJC_ROOT_CLASS = YES_ERROR;
				CLANG_WARN_QUOTED_INCLUDE_IN_FRAMEWORK_HEADER = YES;
				CLANG_WARN_RANGE_LOOP_ANALYSIS = YES;
				CLANG_WARN_STRICT_PROTOTYPES = YES;
				CLANG_WARN_SUSPICIOUS_MOVE = YES;
				CLANG_WARN_UNGUARDED_AVAILABILITY = YES_AGGRESSIVE;
				CLANG_WARN_UNREACHABLE_CODE = YES;
				CLANG_WARN__DUPLICATE_METHOD_MATCH = YES;
				COPY_PHASE_STRIP = NO;
				DEBUG_INFORMATION_FORMAT = "dwarf-with-dsym";
				ENABLE_NS_ASSERTIONS = NO;
				ENABLE_STRICT_OBJC_MSGSEND = YES;
				GCC_C_LANGUAGE_STANDARD = gnu11;
				GCC_NO_COMMON_BLOCKS = YES;
				GCC_WARN_64_TO_32_BIT_CONVERSION = YES;
				GCC_WARN_ABOUT_RETURN_TYPE = YES_ERROR;
				GCC_WARN_UNDECLARED_SELECTOR = YES;
				GCC_WARN_UNINITIALIZED_AUTOS = YES_AGGRESSIVE;
				GCC_WARN_UNUSED_FUNCTION = YES;
				GCC_WARN_UNUSED_VARIABLE = YES;
				IPHONEOS_DEPLOYMENT_TARGET = 15.5;
				MTL_ENABLE_DEBUG_INFO = NO;
				MTL_FAST_MATH = YES;
				SDKROOT = iphoneos;
				SWIFT_COMPILATION_MODE = wholemodule;
				SWIFT_OPTIMIZATION_LEVEL = "-O";
				VALIDATE_PRODUCT = YES;
			};
			name = Release;
		};
		02039BFA284EB5830070C558 /* Debug */ = {
			isa = XCBuildConfiguration;
			buildSettings = {
				ASSETCATALOG_COMPILER_APPICON_NAME = AppIcon;
				ASSETCATALOG_COMPILER_GLOBAL_ACCENT_COLOR_NAME = AccentColor;
				CODE_SIGN_STYLE = Automatic;
				CURRENT_PROJECT_VERSION = 1;
				DEVELOPMENT_TEAM = 56U76B4S84;
				GENERATE_INFOPLIST_FILE = YES;
				INFOPLIST_FILE = labeltap/Info.plist;
				INFOPLIST_KEY_UIApplicationSupportsIndirectInputEvents = YES;
				INFOPLIST_KEY_UILaunchStoryboardName = LaunchScreen;
				INFOPLIST_KEY_UIMainStoryboardFile = Main;
				INFOPLIST_KEY_UISupportedInterfaceOrientations_iPad = "UIInterfaceOrientationPortrait UIInterfaceOrientationPortraitUpsideDown UIInterfaceOrientationLandscapeLeft UIInterfaceOrientationLandscapeRight";
				INFOPLIST_KEY_UISupportedInterfaceOrientations_iPhone = "UIInterfaceOrientationPortrait UIInterfaceOrientationLandscapeLeft UIInterfaceOrientationLandscapeRight";
				LD_RUNPATH_SEARCH_PATHS = (
					"$(inherited)",
					"@executable_path/Frameworks",
				);
				MARKETING_VERSION = 1.0;
				PRODUCT_BUNDLE_IDENTIFIER = "Melanie-Sakelaris.labeltap";
				PRODUCT_NAME = "$(TARGET_NAME)";
				SWIFT_EMIT_LOC_STRINGS = YES;
				SWIFT_VERSION = 5.0;
				TARGETED_DEVICE_FAMILY = "1,2";
			};
			name = Debug;
		};
		02039BFB284EB5830070C558 /* Release */ = {
			isa = XCBuildConfiguration;
			buildSettings = {
				ASSETCATALOG_COMPILER_APPICON_NAME = AppIcon;
				ASSETCATALOG_COMPILER_GLOBAL_ACCENT_COLOR_NAME = AccentColor;
				CODE_SIGN_STYLE = Automatic;
				CURRENT_PROJECT_VERSION = 1;
				DEVELOPMENT_TEAM = 56U76B4S84;
				GENERATE_INFOPLIST_FILE = YES;
				INFOPLIST_FILE = labeltap/Info.plist;
				INFOPLIST_KEY_UIApplicationSupportsIndirectInputEvents = YES;
				INFOPLIST_KEY_UILaunchStoryboardName = LaunchScreen;
				INFOPLIST_KEY_UIMainStoryboardFile = Main;
				INFOPLIST_KEY_UISupportedInterfaceOrientations_iPad = "UIInterfaceOrientationPortrait UIInterfaceOrientationPortraitUpsideDown UIInterfaceOrientationLandscapeLeft UIInterfaceOrientationLandscapeRight";
				INFOPLIST_KEY_UISupportedInterfaceOrientations_iPhone = "UIInterfaceOrientationPortrait UIInterfaceOrientationLandscapeLeft UIInterfaceOrientationLandscapeRight";
				LD_RUNPATH_SEARCH_PATHS = (
					"$(inherited)",
					"@executable_path/Frameworks",
				);
				MARKETING_VERSION = 1.0;
				PRODUCT_BUNDLE_IDENTIFIER = "Melanie-Sakelaris.labeltap";
				PRODUCT_NAME = "$(TARGET_NAME)";
				SWIFT_EMIT_LOC_STRINGS = YES;
				SWIFT_VERSION = 5.0;
				TARGETED_DEVICE_FAMILY = "1,2";
			};
			name = Release;
		};
		02039BFD284EB5830070C558 /* Debug */ = {
			isa = XCBuildConfiguration;
			buildSettings = {
				ALWAYS_EMBED_SWIFT_STANDARD_LIBRARIES = YES;
				BUNDLE_LOADER = "$(TEST_HOST)";
				CODE_SIGN_STYLE = Automatic;
				CURRENT_PROJECT_VERSION = 1;
				DEVELOPMENT_TEAM = 56U76B4S84;
				GENERATE_INFOPLIST_FILE = YES;
				IPHONEOS_DEPLOYMENT_TARGET = 15.5;
				MARKETING_VERSION = 1.0;
				PRODUCT_BUNDLE_IDENTIFIER = "Melanie-Sakelaris.labeltapTests";
				PRODUCT_NAME = "$(TARGET_NAME)";
				SWIFT_EMIT_LOC_STRINGS = NO;
				SWIFT_VERSION = 5.0;
				TARGETED_DEVICE_FAMILY = "1,2";
				TEST_HOST = "$(BUILT_PRODUCTS_DIR)/labeltap.app/labeltap";
			};
			name = Debug;
		};
		02039BFE284EB5830070C558 /* Release */ = {
			isa = XCBuildConfiguration;
			buildSettings = {
				ALWAYS_EMBED_SWIFT_STANDARD_LIBRARIES = YES;
				BUNDLE_LOADER = "$(TEST_HOST)";
				CODE_SIGN_STYLE = Automatic;
				CURRENT_PROJECT_VERSION = 1;
				DEVELOPMENT_TEAM = 56U76B4S84;
				GENERATE_INFOPLIST_FILE = YES;
				IPHONEOS_DEPLOYMENT_TARGET = 15.5;
				MARKETING_VERSION = 1.0;
				PRODUCT_BUNDLE_IDENTIFIER = "Melanie-Sakelaris.labeltapTests";
				PRODUCT_NAME = "$(TARGET_NAME)";
				SWIFT_EMIT_LOC_STRINGS = NO;
				SWIFT_VERSION = 5.0;
				TARGETED_DEVICE_FAMILY = "1,2";
				TEST_HOST = "$(BUILT_PRODUCTS_DIR)/labeltap.app/labeltap";
			};
			name = Release;
		};
		02039C00284EB5830070C558 /* Debug */ = {
			isa = XCBuildConfiguration;
			buildSettings = {
				ALWAYS_EMBED_SWIFT_STANDARD_LIBRARIES = YES;
				CODE_SIGN_STYLE = Automatic;
				CURRENT_PROJECT_VERSION = 1;
				DEVELOPMENT_TEAM = 56U76B4S84;
				GENERATE_INFOPLIST_FILE = YES;
				MARKETING_VERSION = 1.0;
				PRODUCT_BUNDLE_IDENTIFIER = "Melanie-Sakelaris.labeltapUITests";
				PRODUCT_NAME = "$(TARGET_NAME)";
				SWIFT_EMIT_LOC_STRINGS = NO;
				SWIFT_VERSION = 5.0;
				TARGETED_DEVICE_FAMILY = "1,2";
				TEST_TARGET_NAME = labeltap;
			};
			name = Debug;
		};
		02039C01284EB5830070C558 /* Release */ = {
			isa = XCBuildConfiguration;
			buildSettings = {
				ALWAYS_EMBED_SWIFT_STANDARD_LIBRARIES = YES;
				CODE_SIGN_STYLE = Automatic;
				CURRENT_PROJECT_VERSION = 1;
				DEVELOPMENT_TEAM = 56U76B4S84;
				GENERATE_INFOPLIST_FILE = YES;
				MARKETING_VERSION = 1.0;
				PRODUCT_BUNDLE_IDENTIFIER = "Melanie-Sakelaris.labeltapUITests";
				PRODUCT_NAME = "$(TARGET_NAME)";
				SWIFT_EMIT_LOC_STRINGS = NO;
				SWIFT_VERSION = 5.0;
				TARGETED_DEVICE_FAMILY = "1,2";
				TEST_TARGET_NAME = labeltap;
			};
			name = Release;
		};
/* End XCBuildConfiguration section */

/* Begin XCConfigurationList section */
		02039BCA284EB5800070C558 /* Build configuration list for PBXProject "labeltap" */ = {
			isa = XCConfigurationList;
			buildConfigurations = (
				02039BF7284EB5830070C558 /* Debug */,
				02039BF8284EB5830070C558 /* Release */,
			);
			defaultConfigurationIsVisible = 0;
			defaultConfigurationName = Release;
		};
		02039BF9284EB5830070C558 /* Build configuration list for PBXNativeTarget "labeltap" */ = {
			isa = XCConfigurationList;
			buildConfigurations = (
				02039BFA284EB5830070C558 /* Debug */,
				02039BFB284EB5830070C558 /* Release */,
			);
			defaultConfigurationIsVisible = 0;
			defaultConfigurationName = Release;
		};
		02039BFC284EB5830070C558 /* Build configuration list for PBXNativeTarget "labeltapTests" */ = {
			isa = XCConfigurationList;
			buildConfigurations = (
				02039BFD284EB5830070C558 /* Debug */,
				02039BFE284EB5830070C558 /* Release */,
			);
			defaultConfigurationIsVisible = 0;
			defaultConfigurationName = Release;
		};
		02039BFF284EB5830070C558 /* Build configuration list for PBXNativeTarget "labeltapUITests" */ = {
			isa = XCConfigurationList;
			buildConfigurations = (
				02039C00284EB5830070C558 /* Debug */,
				02039C01284EB5830070C558 /* Release */,
			);
			defaultConfigurationIsVisible = 0;
			defaultConfigurationName = Release;
		};
/* End XCConfigurationList section */
	};
	rootObject = 02039BC7284EB5800070C558 /* Project object */;
}
